
Microsoft Visual Studio Solution File, Format Version 12.00
# Visual Studio Version 17
VisualStudioVersion = 17.2.32516.85
MinimumVisualStudioVersion = 10.0.40219.1
Project("{9A19103F-16F7-4668-BE54-9A1E7A4F7556}") = "Delightful Daily Dose", "Delightful Daily Dose.csproj", "{8B1F5A52-A57B-48D8-A49B-87C2FA9AB4A5}"
EndProject
Global
	GlobalSection(SolutionConfigurationPlatforms) = preSolution
		Debug|Any CPU = Debug|Any CPU
		Release|Any CPU = Release|Any CPU
	EndGlobalSection
	GlobalSection(ProjectConfigurationPlatforms) = postSolution
		{8B1F5A52-A57B-48D8-A49B-87C2FA9AB4A5}.Debug|Any CPU.ActiveCfg = Debug|Any CPU
		{8B1F5A52-A57B-48D8-A49B-87C2FA9AB4A5}.Debug|Any CPU.Build.0 = Debug|Any CPU
		{8B1F5A52-A57B-48D8-A49B-87C2FA9AB4A5}.Release|Any CPU.ActiveCfg = Release|Any CPU
		{8B1F5A52-A57B-48D8-A49B-87C2FA9AB4A5}.Release|Any CPU.Build.0 = Release|Any CPU
	EndGlobalSection
	GlobalSection(SolutionProperties) = preSolution
		HideSolutionNode = FALSE
	EndGlobalSection
	GlobalSection(ExtensibilityGlobals) = postSolution
		SolutionGuid = {EEB7D3A0-5A01-492A-9F2D-A8CC2D33D4ED}
	EndGlobalSection
EndGlobal
